
Microsoft Visual Studio Solution File, Format Version 12.00
# Visual Studio Version 17
VisualStudioVersion = 17.8.34330.188
MinimumVisualStudioVersion = 10.0.40219.1
Project("{FAE04EC0-301F-11D3-BF4B-00C04F79EFBC}") = "AssignmentFile", "AssignmentFile\AssignmentFile.csproj", "{A5F0BEC3-DD96-4C8E-8974-C3ECA684EF6E}"
EndProject
Global
	GlobalSection(SolutionConfigurationPlatforms) = preSolution
		Debug|Any CPU = Debug|Any CPU
		Release|Any CPU = Release|Any CPU
	EndGlobalSection
	GlobalSection(ProjectConfigurationPlatforms) = postSolution
		{A5F0BEC3-DD96-4C8E-8974-C3ECA684EF6E}.Debug|Any CPU.ActiveCfg = Debug|Any CPU
		{A5F0BEC3-DD96-4C8E-8974-C3ECA684EF6E}.Debug|Any CPU.Build.0 = Debug|Any CPU
		{A5F0BEC3-DD96-4C8E-8974-C3ECA684EF6E}.Release|Any CPU.ActiveCfg = Release|Any CPU
		{A5F0BEC3-DD96-4C8E-8974-C3ECA684EF6E}.Release|Any CPU.Build.0 = Release|Any CPU
	EndGlobalSection
	GlobalSection(SolutionProperties) = preSolution
		HideSolutionNode = FALSE
	EndGlobalSection
	GlobalSection(ExtensibilityGlobals) = postSolution
		SolutionGuid = {02493A7E-9BCF-408C-941B-8DB78F828062}
	EndGlobalSection
EndGlobal
